# This file is autogenerated, do not edit; changes may be undone by the next 'dep ensure'.


[[projects]]
  name = "github.com/pelletier/go-toml"
  packages = ["."]
  revision = "acdc4509485b587f5e675510c4f2c63e90ff68a8"
  version = "v1.1.0"

[solve-meta]
  analyzer-name = "dep"
  analyzer-version = 1
  inputs-digest = "5005fb82b811a8c1c7cad20cf9d0b25d6bdb1afc26eea528633fc98518f02cd2"
  solver-name = "gps-cdcl"
  solver-version = 1
